
Microsoft Visual Studio Solution File, Format Version 12.00
# Visual Studio Version 17
VisualStudioVersion = 17.0.31919.166
MinimumVisualStudioVersion = 10.0.40219.1
Project("{888888A0-9F3D-457C-B088-3A5042F75D52}") = "PythonApp", "PythonApp.pyproj", "{928A6EE7-E77C-4937-BA1A-B4027A492DFA}"
EndProject
Global
	GlobalSection(SolutionConfigurationPlatforms) = preSolution
		Debug|Any CPU = Debug|Any CPU
		Release|Any CPU = Release|Any CPU
	EndGlobalSection
	GlobalSection(ProjectConfigurationPlatforms) = postSolution
		{928A6EE7-E77C-4937-BA1A-B4027A492DFA}.Debug|Any CPU.ActiveCfg = Debug|Any CPU
		{928A6EE7-E77C-4937-BA1A-B4027A492DFA}.Release|Any CPU.ActiveCfg = Release|Any CPU
	EndGlobalSection
	GlobalSection(SolutionProperties) = preSolution
		HideSolutionNode = FALSE
	EndGlobalSection
	GlobalSection(ExtensibilityGlobals) = postSolution
		SolutionGuid = {8FDA0651-ABE0-4AD8-9096-BAFEE95F935C}
	EndGlobalSection
EndGlobal
